
Microsoft Visual Studio Solution File, Format Version 12.00
# Visual Studio Version 16
VisualStudioVersion = 16.0.30717.126
MinimumVisualStudioVersion = 10.0.40219.1
Project("{FAE04EC0-301F-11D3-BF4B-00C04F79EFBC}") = "itextsharpDemo", "itextsharpDemo\itextsharpDemo.csproj", "{95C08644-3D60-42C3-9836-F66DA6A445CC}"
EndProject
Project("{FAE04EC0-301F-11D3-BF4B-00C04F79EFBC}") = "QRCode", "QRCode\QRCode.csproj", "{F811D227-2FAD-4ADF-B2C1-C210E58EF102}"
EndProject
Global
	GlobalSection(SolutionConfigurationPlatforms) = preSolution
		Debug|Any CPU = Debug|Any CPU
		Release|Any CPU = Release|Any CPU
	EndGlobalSection
	GlobalSection(ProjectConfigurationPlatforms) = postSolution
		{95C08644-3D60-42C3-9836-F66DA6A445CC}.Debug|Any CPU.ActiveCfg = Debug|Any CPU
		{95C08644-3D60-42C3-9836-F66DA6A445CC}.Debug|Any CPU.Build.0 = Debug|Any CPU
		{95C08644-3D60-42C3-9836-F66DA6A445CC}.Release|Any CPU.ActiveCfg = Release|Any CPU
		{95C08644-3D60-42C3-9836-F66DA6A445CC}.Release|Any CPU.Build.0 = Release|Any CPU
		{F811D227-2FAD-4ADF-B2C1-C210E58EF102}.Debug|Any CPU.ActiveCfg = Debug|Any CPU
		{F811D227-2FAD-4ADF-B2C1-C210E58EF102}.Debug|Any CPU.Build.0 = Debug|Any CPU
		{F811D227-2FAD-4ADF-B2C1-C210E58EF102}.Release|Any CPU.ActiveCfg = Release|Any CPU
		{F811D227-2FAD-4ADF-B2C1-C210E58EF102}.Release|Any CPU.Build.0 = Release|Any CPU
	EndGlobalSection
	GlobalSection(SolutionProperties) = preSolution
		HideSolutionNode = FALSE
	EndGlobalSection
	GlobalSection(ExtensibilityGlobals) = postSolution
		SolutionGuid = {1C7743DA-DEBA-48AF-81FC-6AAD65C7C934}
	EndGlobalSection
EndGlobal
